
Microsoft Visual Studio Solution File, Format Version 12.00
# Visual Studio Version 16
VisualStudioVersion = 16.0.30413.136
MinimumVisualStudioVersion = 10.0.40219.1
Project("{9A19103F-16F7-4668-BE54-9A1E7A4F7556}") = "Taxi.Common", "Taxi.Common\Taxi.Common.csproj", "{502CABE3-D121-4CFA-9FF1-80C0DC7A7477}"
EndProject
Project("{9A19103F-16F7-4668-BE54-9A1E7A4F7556}") = "Taxi.Web", "Taxi.Web\Taxi.Web.csproj", "{8662AC67-936A-4135-B529-DEC4267B6AE5}"
EndProject
Project("{FAE04EC0-301F-11D3-BF4B-00C04F79EFBC}") = "Taxi.Prism", "Taxi.Prism\Taxi.Prism\Taxi.Prism.csproj", "{5B8078E9-6203-474D-BDA1-8D7AE65A7CFD}"
EndProject
Project("{FAE04EC0-301F-11D3-BF4B-00C04F79EFBC}") = "Taxi.Prism.Android", "Taxi.Prism\Taxi.Prism.Android\Taxi.Prism.Android.csproj", "{0D8A2DB4-0B61-49B1-8923-C707100429CD}"
EndProject
Project("{FAE04EC0-301F-11D3-BF4B-00C04F79EFBC}") = "Taxi.Prism.iOS", "Taxi.Prism\Taxi.Prism.iOS\Taxi.Prism.iOS.csproj", "{A2BA5BE6-CA35-4E58-9EC5-8CC824E9328B}"
EndProject
Global
	GlobalSection(SolutionConfigurationPlatforms) = preSolution
		Ad-Hoc|Any CPU = Ad-Hoc|Any CPU
		Ad-Hoc|iPhone = Ad-Hoc|iPhone
		Ad-Hoc|iPhoneSimulator = Ad-Hoc|iPhoneSimulator
		AppStore|Any CPU = AppStore|Any CPU
		AppStore|iPhone = AppStore|iPhone
		AppStore|iPhoneSimulator = AppStore|iPhoneSimulator
		Debug|Any CPU = Debug|Any CPU
		Debug|iPhone = Debug|iPhone
		Debug|iPhoneSimulator = Debug|iPhoneSimulator
		Release|Any CPU = Release|Any CPU
		Release|iPhone = Release|iPhone
		Release|iPhoneSimulator = Release|iPhoneSimulator
	EndGlobalSection
	GlobalSection(ProjectConfigurationPlatforms) = postSolution
		{502CABE3-D121-4CFA-9FF1-80C0DC7A7477}.Ad-Hoc|Any CPU.ActiveCfg = Release|Any CPU
		{502CABE3-D121-4CFA-9FF1-80C0DC7A7477}.Ad-Hoc|Any CPU.Build.0 = Release|Any CPU
		{502CABE3-D121-4CFA-9FF1-80C0DC7A7477}.Ad-Hoc|iPhone.ActiveCfg = Release|Any CPU
		{502CABE3-D121-4CFA-9FF1-80C0DC7A7477}.Ad-Hoc|iPhone.Build.0 = Release|Any CPU
		{502CABE3-D121-4CFA-9FF1-80C0DC7A7477}.Ad-Hoc|iPhoneSimulator.ActiveCfg = Release|Any CPU
		{502CABE3-D121-4CFA-9FF1-80C0DC7A7477}.Ad-Hoc|iPhoneSimulator.Build.0 = Release|Any CPU
		{502CABE3-D121-4CFA-9FF1-80C0DC7A7477}.AppStore|Any CPU.ActiveCfg = Release|Any CPU
		{502CABE3-D121-4CFA-9FF1-80C0DC7A7477}.AppStore|Any CPU.Build.0 = Release|Any CPU
		{502CABE3-D121-4CFA-9FF1-80C0DC7A7477}.AppStore|iPhone.ActiveCfg = Release|Any CPU
		{502CABE3-D121-4CFA-9FF1-80C0DC7A7477}.AppStore|iPhone.Build.0 = Release|Any CPU
		{502CABE3-D121-4CFA-9FF1-80C0DC7A7477}.AppStore|iPhoneSimulator.ActiveCfg = Release|Any CPU
		{502CABE3-D121-4CFA-9FF1-80C0DC7A7477}.AppStore|iPhoneSimulator.Build.0 = Release|Any CPU
		{502CABE3-D121-4CFA-9FF1-80C0DC7A7477}.Debug|Any CPU.ActiveCfg = Debug|Any CPU
		{502CABE3-D121-4CFA-9FF1-80C0DC7A7477}.Debug|Any CPU.Build.0 = Debug|Any CPU
		{502CABE3-D121-4CFA-9FF1-80C0DC7A7477}.Debug|iPhone.ActiveCfg = Debug|Any CPU
		{502CABE3-D121-4CFA-9FF1-80C0DC7A7477}.Debug|iPhone.Build.0 = Debug|Any CPU
		{502CABE3-D121-4CFA-9FF1-80C0DC7A7477}.Debug|iPhoneSimulator.ActiveCfg = Debug|Any CPU
		{502CABE3-D121-4CFA-9FF1-80C0DC7A7477}.Debug|iPhoneSimulator.Build.0 = Debug|Any CPU
		{502CABE3-D121-4CFA-9FF1-80C0DC7A7477}.Release|Any CPU.ActiveCfg = Release|Any CPU
		{502CABE3-D121-4CFA-9FF1-80C0DC7A7477}.Release|Any CPU.Build.0 = Release|Any CPU
		{502CABE3-D121-4CFA-9FF1-80C0DC7A7477}.Release|iPhone.ActiveCfg = Release|Any CPU
		{502CABE3-D121-4CFA-9FF1-80C0DC7A7477}.Release|iPhone.Build.0 = Release|Any CPU
		{502CABE3-D121-4CFA-9FF1-80C0DC7A7477}.Release|iPhoneSimulator.ActiveCfg = Release|Any CPU
		{502CABE3-D121-4CFA-9FF1-80C0DC7A7477}.Release|iPhoneSimulator.Build.0 = Release|Any CPU
		{8662AC67-936A-4135-B529-DEC4267B6AE5}.Ad-Hoc|Any CPU.ActiveCfg = Release|Any CPU
		{8662AC67-936A-4135-B529-DEC4267B6AE5}.Ad-Hoc|Any CPU.Build.0 = Release|Any CPU
		{8662AC67-936A-4135-B529-DEC4267B6AE5}.Ad-Hoc|iPhone.ActiveCfg = Release|Any CPU
		{8662AC67-936A-4135-B529-DEC4267B6AE5}.Ad-Hoc|iPhone.Build.0 = Release|Any CPU
		{8662AC67-936A-4135-B529-DEC4267B6AE5}.Ad-Hoc|iPhoneSimulator.ActiveCfg = Release|Any CPU
		{8662AC67-936A-4135-B529-DEC4267B6AE5}.Ad-Hoc|iPhoneSimulator.Build.0 = Release|Any CPU
		{8662AC67-936A-4135-B529-DEC4267B6AE5}.AppStore|Any CPU.ActiveCfg = Release|Any CPU
		{8662AC67-936A-4135-B529-DEC4267B6AE5}.AppStore|Any CPU.Build.0 = Release|Any CPU
		{8662AC67-936A-4135-B529-DEC4267B6AE5}.AppStore|iPhone.ActiveCfg = Release|Any CPU
		{8662AC67-936A-4135-B529-DEC4267B6AE5}.AppStore|iPhone.Build.0 = Release|Any CPU
		{8662AC67-936A-4135-B529-DEC4267B6AE5}.AppStore|iPhoneSimulator.ActiveCfg = Release|Any CPU
		{8662AC67-936A-4135-B529-DEC4267B6AE5}.AppStore|iPhoneSimulator.Build.0 = Release|Any CPU
		{8662AC67-936A-4135-B529-DEC4267B6AE5}.Debug|Any CPU.ActiveCfg = Debug|Any CPU
		{8662AC67-936A-4135-B529-DEC4267B6AE5}.Debug|Any CPU.Build.0 = Debug|Any CPU
		{8662AC67-936A-4135-B529-DEC4267B6AE5}.Debug|iPhone.ActiveCfg = Debug|Any CPU
		{8662AC67-936A-4135-B529-DEC4267B6AE5}.Debug|iPhone.Build.0 = Debug|Any CPU
		{8662AC67-936A-4135-B529-DEC4267B6AE5}.Debug|iPhoneSimulator.ActiveCfg = Debug|Any CPU
		{8662AC67-936A-4135-B529-DEC4267B6AE5}.Debug|iPhoneSimulator.Build.0 = Debug|Any CPU
		{8662AC67-936A-4135-B529-DEC4267B6AE5}.Release|Any CPU.ActiveCfg = Release|Any CPU
		{8662AC67-936A-4135-B529-DEC4267B6AE5}.Release|Any CPU.Build.0 = Release|Any CPU
		{8662AC67-936A-4135-B529-DEC4267B6AE5}.Release|iPhone.ActiveCfg = Release|Any CPU
		{8662AC67-936A-4135-B529-DEC4267B6AE5}.Release|iPhone.Build.0 = Release|Any CPU
		{8662AC67-936A-4135-B529-DEC4267B6AE5}.Release|iPhoneSimulator.ActiveCfg = Release|Any CPU
		{8662AC67-936A-4135-B529-DEC4267B6AE5}.Release|iPhoneSimulator.Build.0 = Release|Any CPU
		{5B8078E9-6203-474D-BDA1-8D7AE65A7CFD}.Ad-Hoc|Any CPU.ActiveCfg = Debug|Any CPU
		{5B8078E9-6203-474D-BDA1-8D7AE65A7CFD}.Ad-Hoc|Any CPU.Build.0 = Debug|Any CPU
		{5B8078E9-6203-474D-BDA1-8D7AE65A7CFD}.Ad-Hoc|iPhone.ActiveCfg = Debug|Any CPU
		{5B8078E9-6203-474D-BDA1-8D7AE65A7CFD}.Ad-Hoc|iPhone.Build.0 = Debug|Any CPU
		{5B8078E9-6203-474D-BDA1-8D7AE65A7CFD}.Ad-Hoc|iPhoneSimulator.ActiveCfg = Debug|Any CPU
		{5B8078E9-6203-474D-BDA1-8D7AE65A7CFD}.Ad-Hoc|iPhoneSimulator.Build.0 = Debug|Any CPU
		{5B8078E9-6203-474D-BDA1-8D7AE65A7CFD}.AppStore|Any CPU.ActiveCfg = Debug|Any CPU
		{5B8078E9-6203-474D-BDA1-8D7AE65A7CFD}.AppStore|Any CPU.Build.0 = Debug|Any CPU
		{5B8078E9-6203-474D-BDA1-8D7AE65A7CFD}.AppStore|iPhone.ActiveCfg = Debug|Any CPU
		{5B8078E9-6203-474D-BDA1-8D7AE65A7CFD}.AppStore|iPhone.Build.0 = Debug|Any CPU
		{5B8078E9-6203-474D-BDA1-8D7AE65A7CFD}.AppStore|iPhoneSimulator.ActiveCfg = Debug|Any CPU
		{5B8078E9-6203-474D-BDA1-8D7AE65A7CFD}.AppStore|iPhoneSimulator.Build.0 = Debug|Any CPU
		{5B8078E9-6203-474D-BDA1-8D7AE65A7CFD}.Debug|Any CPU.ActiveCfg = Debug|Any CPU
		{5B8078E9-6203-474D-BDA1-8D7AE65A7CFD}.Debug|Any CPU.Build.0 = Debug|Any CPU
		{5B8078E9-6203-474D-BDA1-8D7AE65A7CFD}.Debug|iPhone.ActiveCfg = Debug|Any CPU
		{5B8078E9-6203-474D-BDA1-8D7AE65A7CFD}.Debug|iPhone.Build.0 = Debug|Any CPU
		{5B8078E9-6203-474D-BDA1-8D7AE65A7CFD}.Debug|iPhoneSimulator.ActiveCfg = Debug|Any CPU
		{5B8078E9-6203-474D-BDA1-8D7AE65A7CFD}.Debug|iPhoneSimulator.Build.0 = Debug|Any CPU
		{5B8078E9-6203-474D-BDA1-8D7AE65A7CFD}.Release|Any CPU.ActiveCfg = Release|Any CPU
		{5B8078E9-6203-474D-BDA1-8D7AE65A7CFD}.Release|Any CPU.Build.0 = Release|Any CPU
		{5B8078E9-6203-474D-BDA1-8D7AE65A7CFD}.Release|iPhone.ActiveCfg = Release|Any CPU
		{5B8078E9-6203-474D-BDA1-8D7AE65A7CFD}.Release|iPhone.Build.0 = Release|Any CPU
		{5B8078E9-6203-474D-BDA1-8D7AE65A7CFD}.Release|iPhoneSimulator.ActiveCfg = Release|Any CPU
		{5B8078E9-6203-474D-BDA1-8D7AE65A7CFD}.Release|iPhoneSimulator.Build.0 = Release|Any CPU
		{0D8A2DB4-0B61-49B1-8923-C707100429CD}.Ad-Hoc|Any CPU.ActiveCfg = Release|Any CPU
		{0D8A2DB4-0B61-49B1-8923-C707100429CD}.Ad-Hoc|Any CPU.Build.0 = Release|Any CPU
		{0D8A2DB4-0B61-49B1-8923-C707100429CD}.Ad-Hoc|Any CPU.Deploy.0 = Release|Any CPU
		{0D8A2DB4-0B61-49B1-8923-C707100429CD}.Ad-Hoc|iPhone.ActiveCfg = Release|Any CPU
		{0D8A2DB4-0B61-49B1-8923-C707100429CD}.Ad-Hoc|iPhone.Build.0 = Release|Any CPU
		{0D8A2DB4-0B61-49B1-8923-C707100429CD}.Ad-Hoc|iPhone.Deploy.0 = Release|Any CPU
		{0D8A2DB4-0B61-49B1-8923-C707100429CD}.Ad-Hoc|iPhoneSimulator.ActiveCfg = Release|Any CPU
		{0D8A2DB4-0B61-49B1-8923-C707100429CD}.Ad-Hoc|iPhoneSimulator.Build.0 = Release|Any CPU
		{0D8A2DB4-0B61-49B1-8923-C707100429CD}.Ad-Hoc|iPhoneSimulator.Deploy.0 = Release|Any CPU
		{0D8A2DB4-0B61-49B1-8923-C707100429CD}.AppStore|Any CPU.ActiveCfg = Release|Any CPU
		{0D8A2DB4-0B61-49B1-8923-C707100429CD}.AppStore|Any CPU.Build.0 = Release|Any CPU
		{0D8A2DB4-0B61-49B1-8923-C707100429CD}.AppStore|Any CPU.Deploy.0 = Release|Any CPU
		{0D8A2DB4-0B61-49B1-8923-C707100429CD}.AppStore|iPhone.ActiveCfg = Release|Any CPU
		{0D8A2DB4-0B61-49B1-8923-C707100429CD}.AppStore|iPhone.Build.0 = Release|Any CPU
		{0D8A2DB4-0B61-49B1-8923-C707100429CD}.AppStore|iPhone.Deploy.0 = Release|Any CPU
		{0D8A2DB4-0B61-49B1-8923-C707100429CD}.AppStore|iPhoneSimulator.ActiveCfg = Release|Any CPU
		{0D8A2DB4-0B61-49B1-8923-C707100429CD}.AppStore|iPhoneSimulator.Build.0 = Release|Any CPU
		{0D8A2DB4-0B61-49B1-8923-C707100429CD}.AppStore|iPhoneSimulator.Deploy.0 = Release|Any CPU
		{0D8A2DB4-0B61-49B1-8923-C707100429CD}.Debug|Any CPU.ActiveCfg = Debug|Any CPU
		{0D8A2DB4-0B61-49B1-8923-C707100429CD}.Debug|Any CPU.Build.0 = Debug|Any CPU
		{0D8A2DB4-0B61-49B1-8923-C707100429CD}.Debug|Any CPU.Deploy.0 = Debug|Any CPU
		{0D8A2DB4-0B61-49B1-8923-C707100429CD}.Debug|iPhone.ActiveCfg = Debug|Any CPU
		{0D8A2DB4-0B61-49B1-8923-C707100429CD}.Debug|iPhone.Build.0 = Debug|Any CPU
		{0D8A2DB4-0B61-49B1-8923-C707100429CD}.Debug|iPhone.Deploy.0 = Debug|Any CPU
		{0D8A2DB4-0B61-49B1-8923-C707100429CD}.Debug|iPhoneSimulator.ActiveCfg = Debug|Any CPU
		{0D8A2DB4-0B61-49B1-8923-C707100429CD}.Debug|iPhoneSimulator.Build.0 = Debug|Any CPU
		{0D8A2DB4-0B61-49B1-8923-C707100429CD}.Debug|iPhoneSimulator.Deploy.0 = Debug|Any CPU
		{0D8A2DB4-0B61-49B1-8923-C707100429CD}.Release|Any CPU.ActiveCfg = Release|Any CPU
		{0D8A2DB4-0B61-49B1-8923-C707100429CD}.Release|Any CPU.Build.0 = Release|Any CPU
		{0D8A2DB4-0B61-49B1-8923-C707100429CD}.Release|Any CPU.Deploy.0 = Release|Any CPU
		{0D8A2DB4-0B61-49B1-8923-C707100429CD}.Release|iPhone.ActiveCfg = Release|Any CPU
		{0D8A2DB4-0B61-49B1-8923-C707100429CD}.Release|iPhone.Build.0 = Release|Any CPU
		{0D8A2DB4-0B61-49B1-8923-C707100429CD}.Release|iPhone.Deploy.0 = Release|Any CPU
		{0D8A2DB4-0B61-49B1-8923-C707100429CD}.Release|iPhoneSimulator.ActiveCfg = Release|Any CPU
		{0D8A2DB4-0B61-49B1-8923-C707100429CD}.Release|iPhoneSimulator.Build.0 = Release|Any CPU
		{0D8A2DB4-0B61-49B1-8923-C707100429CD}.Release|iPhoneSimulator.Deploy.0 = Release|Any CPU
		{A2BA5BE6-CA35-4E58-9EC5-8CC824E9328B}.Ad-Hoc|Any CPU.ActiveCfg = Ad-Hoc|iPhone
		{A2BA5BE6-CA35-4E58-9EC5-8CC824E9328B}.Ad-Hoc|iPhone.ActiveCfg = Ad-Hoc|iPhone
		{A2BA5BE6-CA35-4E58-9EC5-8CC824E9328B}.Ad-Hoc|iPhone.Build.0 = Ad-Hoc|iPhone
		{A2BA5BE6-CA35-4E58-9EC5-8CC824E9328B}.Ad-Hoc|iPhoneSimulator.ActiveCfg = Ad-Hoc|iPhoneSimulator
		{A2BA5BE6-CA35-4E58-9EC5-8CC824E9328B}.Ad-Hoc|iPhoneSimulator.Build.0 = Ad-Hoc|iPhoneSimulator
		{A2BA5BE6-CA35-4E58-9EC5-8CC824E9328B}.AppStore|Any CPU.ActiveCfg = AppStore|iPhone
		{A2BA5BE6-CA35-4E58-9EC5-8CC824E9328B}.AppStore|iPhone.ActiveCfg = AppStore|iPhone
		{A2BA5BE6-CA35-4E58-9EC5-8CC824E9328B}.AppStore|iPhone.Build.0 = AppStore|iPhone
		{A2BA5BE6-CA35-4E58-9EC5-8CC824E9328B}.AppStore|iPhoneSimulator.ActiveCfg = AppStore|iPhoneSimulator
		{A2BA5BE6-CA35-4E58-9EC5-8CC824E9328B}.AppStore|iPhoneSimulator.Build.0 = AppStore|iPhoneSimulator
		{A2BA5BE6-CA35-4E58-9EC5-8CC824E9328B}.Debug|Any CPU.ActiveCfg = Debug|iPhone
		{A2BA5BE6-CA35-4E58-9EC5-8CC824E9328B}.Debug|iPhone.ActiveCfg = Debug|iPhone
		{A2BA5BE6-CA35-4E58-9EC5-8CC824E9328B}.Debug|iPhone.Build.0 = Debug|iPhone
		{A2BA5BE6-CA35-4E58-9EC5-8CC824E9328B}.Debug|iPhoneSimulator.ActiveCfg = Debug|iPhoneSimulator
		{A2BA5BE6-CA35-4E58-9EC5-8CC824E9328B}.Debug|iPhoneSimulator.Build.0 = Debug|iPhoneSimulator
		{A2BA5BE6-CA35-4E58-9EC5-8CC824E9328B}.Release|Any CPU.ActiveCfg = Release|iPhone
		{A2BA5BE6-CA35-4E58-9EC5-8CC824E9328B}.Release|iPhone.ActiveCfg = Release|iPhone
		{A2BA5BE6-CA35-4E58-9EC5-8CC824E9328B}.Release|iPhone.Build.0 = Release|iPhone
		{A2BA5BE6-CA35-4E58-9EC5-8CC824E9328B}.Release|iPhoneSimulator.ActiveCfg = Release|iPhoneSimulator
		{A2BA5BE6-CA35-4E58-9EC5-8CC824E9328B}.Release|iPhoneSimulator.Build.0 = Release|iPhoneSimulator
	EndGlobalSection
	GlobalSection(SolutionProperties) = preSolution
		HideSolutionNode = FALSE
	EndGlobalSection
	GlobalSection(ExtensibilityGlobals) = postSolution
		SolutionGuid = {C4EDA630-6C86-4734-BB68-795E93E46895}
	EndGlobalSection
EndGlobal
